
Microsoft Visual Studio Solution File, Format Version 12.00
# Visual Studio 15
VisualStudioVersion = 15.0.27428.2005
MinimumVisualStudioVersion = 10.0.40219.1
Project("{FAE04EC0-301F-11D3-BF4B-00C04F79EFBC}") = "Katalog_v_2", "Katalog_v_2\Katalog_v_2.csproj", "{6842AC00-50A2-489F-97FF-AF67A8D8DFF4}"
EndProject
Global
	GlobalSection(SolutionConfigurationPlatforms) = preSolution
		Debug|Any CPU = Debug|Any CPU
		Release|Any CPU = Release|Any CPU
	EndGlobalSection
	GlobalSection(ProjectConfigurationPlatforms) = postSolution
		{6842AC00-50A2-489F-97FF-AF67A8D8DFF4}.Debug|Any CPU.ActiveCfg = Debug|Any CPU
		{6842AC00-50A2-489F-97FF-AF67A8D8DFF4}.Debug|Any CPU.Build.0 = Debug|Any CPU
		{6842AC00-50A2-489F-97FF-AF67A8D8DFF4}.Release|Any CPU.ActiveCfg = Release|Any CPU
		{6842AC00-50A2-489F-97FF-AF67A8D8DFF4}.Release|Any CPU.Build.0 = Release|Any CPU
	EndGlobalSection
	GlobalSection(SolutionProperties) = preSolution
		HideSolutionNode = FALSE
	EndGlobalSection
	GlobalSection(ExtensibilityGlobals) = postSolution
		SolutionGuid = {5329D2A2-BC27-465C-ABE2-365923F2370F}
	EndGlobalSection
EndGlobal
